PODS:
  - Alamofire (5.0.0-beta.4)
  - Kingfisher (5.3.1)

DEPENDENCIES:
  - Alamofire (~> 5.0.0-beta.3)
  - Kingfisher (~> 5.0)

SPEC REPOS:
  https://github.com/cocoapods/specs.git:
    - Alamofire
    - Kingfisher

SPEC CHECKSUMS:
  Alamofire: 6458d95477bc40adf10129f22c67cfb014162dc8
  Kingfisher: d9e7e0b209b59b8f9873aa2f37654e81a7beea51

PODFILE CHECKSUM: bd3b710561f8df5d6ca3616120884d4fe6526075

COCOAPODS: 1.5.3
